
Microsoft Visual Studio Solution File, Format Version 12.00
# Visual Studio 15
VisualStudioVersion = 15.0.27703.2000
MinimumVisualStudioVersion = 10.0.40219.1
Project("{FAE04EC0-301F-11D3-BF4B-00C04F79EFBC}") = "Parcial2", "Parcial2\Parcial2.csproj", "{D8286743-84CC-4C76-AFF4-4E93C1DD893D}"
EndProject
Global
	GlobalSection(SolutionConfigurationPlatforms) = preSolution
		Debug|Any CPU = Debug|Any CPU
		Release|Any CPU = Release|Any CPU
	EndGlobalSection
	GlobalSection(ProjectConfigurationPlatforms) = postSolution
		{D8286743-84CC-4C76-AFF4-4E93C1DD893D}.Debug|Any CPU.ActiveCfg = Debug|Any CPU
		{D8286743-84CC-4C76-AFF4-4E93C1DD893D}.Debug|Any CPU.Build.0 = Debug|Any CPU
		{D8286743-84CC-4C76-AFF4-4E93C1DD893D}.Release|Any CPU.ActiveCfg = Release|Any CPU
		{D8286743-84CC-4C76-AFF4-4E93C1DD893D}.Release|Any CPU.Build.0 = Release|Any CPU
	EndGlobalSection
	GlobalSection(SolutionProperties) = preSolution
		HideSolutionNode = FALSE
	EndGlobalSection
	GlobalSection(ExtensibilityGlobals) = postSolution
		SolutionGuid = {B0510939-D8F9-438D-99CF-5F4144660CFF}
	EndGlobalSection
EndGlobal
